
Microsoft Visual Studio Solution File, Format Version 12.00
# Visual Studio Version 17
VisualStudioVersion = 17.12.35521.163
MinimumVisualStudioVersion = 10.0.40219.1
Project("{2150E333-8FDC-42A3-9474-1A3956D46DE8}") = "FertilizerService", "FertilizerService", "{33A96F6B-6A27-4831-B4F3-51F58C10F5F9}"
EndProject
Project("{2150E333-8FDC-42A3-9474-1A3956D46DE8}") = "FieldService", "FieldService", "{A4AD1D42-DB09-40E8-B8C6-CB000C91B094}"
EndProject
Project("{2150E333-8FDC-42A3-9474-1A3956D46DE8}") = "services", "services", "{E8DE48E0-902F-4F19-BBDA-71609CD44788}"
EndProject
Project("{FAE04EC0-301F-11D3-BF4B-00C04F79EFBC}") = "Ester.FarmerTracker.FertilizerService", "services\FertilizerService\Ester.FarmerTracker.FertilizerService\Ester.FarmerTracker.FertilizerService.csproj", "{C3073EA5-076E-48BE-8666-62A9ECCD2376}"
EndProject
Project("{2150E333-8FDC-42A3-9474-1A3956D46DE8}") = "presentations", "presentations", "{B288A354-D0E9-4C8C-A0D9-97437633F6B3}"
EndProject
Project("{FAE04EC0-301F-11D3-BF4B-00C04F79EFBC}") = "Ester.FarmetTracker.UI.Web", "presentations\Ester.FarmetTracker.UI.Web\Ester.FarmetTracker.UI.Web.csproj", "{56EDA4FD-744F-4EAF-8456-60CD87E2060A}"
EndProject
Project("{2150E333-8FDC-42A3-9474-1A3956D46DE8}") = "common", "common", "{4370C66A-B13F-4BAF-87FD-2DFB42BA2735}"
EndProject
Project("{FAE04EC0-301F-11D3-BF4B-00C04F79EFBC}") = "Ester.FarmetTracker.Common", "common\Ester.FarmetTracker.Common\Ester.FarmetTracker.Common.csproj", "{B94E2DD0-E5A4-4500-89B8-5D95E2532628}"
EndProject
Project("{FAE04EC0-301F-11D3-BF4B-00C04F79EFBC}") = "Ester.FarmerTracker.FieldService", "services\FieldService\Ester.FarmerTracker.FieldService\Ester.FarmerTracker.FieldService.csproj", "{03A6E863-4107-43F8-8692-810BB88A37CC}"
EndProject
Project("{2150E333-8FDC-42A3-9474-1A3956D46DE8}") = "identity", "identity", "{F7451730-2ABB-44D8-9BD2-0766D81CC8F9}"
EndProject
Project("{2150E333-8FDC-42A3-9474-1A3956D46DE8}") = "Common", "Common", "{C119F10F-5EE0-4AFC-A8B5-CBBB5F398D70}"
EndProject
Project("{2150E333-8FDC-42A3-9474-1A3956D46DE8}") = "Cqrs", "Cqrs", "{A72A2CCE-1327-4C73-9EA3-2897B23E96C8}"
EndProject
Project("{2150E333-8FDC-42A3-9474-1A3956D46DE8}") = "Presentation", "Presentation", "{097BFB63-3A33-4A07-B876-4A9CFA855C05}"
EndProject
Project("{FAE04EC0-301F-11D3-BF4B-00C04F79EFBC}") = "IdentityServer.Common", "services\identity\Common\IdentityServer.Common\IdentityServer.Common.csproj", "{72201BE1-A54D-4B2D-A14A-6E2439F3BFFF}"
EndProject
Project("{FAE04EC0-301F-11D3-BF4B-00C04F79EFBC}") = "Notification", "services\identity\Common\Notification\Notification.csproj", "{256BF2AF-F287-441E-8414-010002F064DF}"
EndProject
Project("{FAE04EC0-301F-11D3-BF4B-00C04F79EFBC}") = "IdentityServer.Domain", "services\identity\CQRS\IdentityServer.Domain\IdentityServer.Domain.csproj", "{C4AADC66-1624-405D-832B-BF295199AF40}"
EndProject
Project("{FAE04EC0-301F-11D3-BF4B-00C04F79EFBC}") = "IdentityServer.Persistence", "services\identity\CQRS\IdentityServer.Persistence\IdentityServer.Persistence.csproj", "{DA89603B-A2A3-4EEE-BE56-079EEFFF63BE}"
EndProject
Project("{FAE04EC0-301F-11D3-BF4B-00C04F79EFBC}") = "IdentityServer.Application", "services\identity\CQRS\IdentityServer.Application\IdentityServer.Application.csproj", "{60F43C9C-274B-4B38-9706-D4BD8434AD1F}"
EndProject
Project("{FAE04EC0-301F-11D3-BF4B-00C04F79EFBC}") = "IdentityServer.UI.Api", "services\identity\Presentation\IdentityServer.UI.Api\IdentityServer.UI.Api.csproj", "{10B3577B-D0C1-40EE-BC27-B9A72A890C1C}"
EndProject
Global
	GlobalSection(SolutionConfigurationPlatforms) = preSolution
		Debug|Any CPU = Debug|Any CPU
		Release|Any CPU = Release|Any CPU
	EndGlobalSection
	GlobalSection(ProjectConfigurationPlatforms) = postSolution
		{C3073EA5-076E-48BE-8666-62A9ECCD2376}.Debug|Any CPU.ActiveCfg = Debug|Any CPU
		{C3073EA5-076E-48BE-8666-62A9ECCD2376}.Debug|Any CPU.Build.0 = Debug|Any CPU
		{C3073EA5-076E-48BE-8666-62A9ECCD2376}.Release|Any CPU.ActiveCfg = Release|Any CPU
		{C3073EA5-076E-48BE-8666-62A9ECCD2376}.Release|Any CPU.Build.0 = Release|Any CPU
		{56EDA4FD-744F-4EAF-8456-60CD87E2060A}.Debug|Any CPU.ActiveCfg = Debug|Any CPU
		{56EDA4FD-744F-4EAF-8456-60CD87E2060A}.Debug|Any CPU.Build.0 = Debug|Any CPU
		{56EDA4FD-744F-4EAF-8456-60CD87E2060A}.Release|Any CPU.ActiveCfg = Release|Any CPU
		{56EDA4FD-744F-4EAF-8456-60CD87E2060A}.Release|Any CPU.Build.0 = Release|Any CPU
		{B94E2DD0-E5A4-4500-89B8-5D95E2532628}.Debug|Any CPU.ActiveCfg = Debug|Any CPU
		{B94E2DD0-E5A4-4500-89B8-5D95E2532628}.Debug|Any CPU.Build.0 = Debug|Any CPU
		{B94E2DD0-E5A4-4500-89B8-5D95E2532628}.Release|Any CPU.ActiveCfg = Release|Any CPU
		{B94E2DD0-E5A4-4500-89B8-5D95E2532628}.Release|Any CPU.Build.0 = Release|Any CPU
		{03A6E863-4107-43F8-8692-810BB88A37CC}.Debug|Any CPU.ActiveCfg = Debug|Any CPU
		{03A6E863-4107-43F8-8692-810BB88A37CC}.Debug|Any CPU.Build.0 = Debug|Any CPU
		{03A6E863-4107-43F8-8692-810BB88A37CC}.Release|Any CPU.ActiveCfg = Release|Any CPU
		{03A6E863-4107-43F8-8692-810BB88A37CC}.Release|Any CPU.Build.0 = Release|Any CPU
		{72201BE1-A54D-4B2D-A14A-6E2439F3BFFF}.Debug|Any CPU.ActiveCfg = Debug|Any CPU
		{72201BE1-A54D-4B2D-A14A-6E2439F3BFFF}.Debug|Any CPU.Build.0 = Debug|Any CPU
		{72201BE1-A54D-4B2D-A14A-6E2439F3BFFF}.Release|Any CPU.ActiveCfg = Release|Any CPU
		{72201BE1-A54D-4B2D-A14A-6E2439F3BFFF}.Release|Any CPU.Build.0 = Release|Any CPU
		{256BF2AF-F287-441E-8414-010002F064DF}.Debug|Any CPU.ActiveCfg = Debug|Any CPU
		{256BF2AF-F287-441E-8414-010002F064DF}.Debug|Any CPU.Build.0 = Debug|Any CPU
		{256BF2AF-F287-441E-8414-010002F064DF}.Release|Any CPU.ActiveCfg = Release|Any CPU
		{256BF2AF-F287-441E-8414-010002F064DF}.Release|Any CPU.Build.0 = Release|Any CPU
		{C4AADC66-1624-405D-832B-BF295199AF40}.Debug|Any CPU.ActiveCfg = Debug|Any CPU
		{C4AADC66-1624-405D-832B-BF295199AF40}.Debug|Any CPU.Build.0 = Debug|Any CPU
		{C4AADC66-1624-405D-832B-BF295199AF40}.Release|Any CPU.ActiveCfg = Release|Any CPU
		{C4AADC66-1624-405D-832B-BF295199AF40}.Release|Any CPU.Build.0 = Release|Any CPU
		{DA89603B-A2A3-4EEE-BE56-079EEFFF63BE}.Debug|Any CPU.ActiveCfg = Debug|Any CPU
		{DA89603B-A2A3-4EEE-BE56-079EEFFF63BE}.Debug|Any CPU.Build.0 = Debug|Any CPU
		{DA89603B-A2A3-4EEE-BE56-079EEFFF63BE}.Release|Any CPU.ActiveCfg = Release|Any CPU
		{DA89603B-A2A3-4EEE-BE56-079EEFFF63BE}.Release|Any CPU.Build.0 = Release|Any CPU
		{60F43C9C-274B-4B38-9706-D4BD8434AD1F}.Debug|Any CPU.ActiveCfg = Debug|Any CPU
		{60F43C9C-274B-4B38-9706-D4BD8434AD1F}.Debug|Any CPU.Build.0 = Debug|Any CPU
		{60F43C9C-274B-4B38-9706-D4BD8434AD1F}.Release|Any CPU.ActiveCfg = Release|Any CPU
		{60F43C9C-274B-4B38-9706-D4BD8434AD1F}.Release|Any CPU.Build.0 = Release|Any CPU
		{10B3577B-D0C1-40EE-BC27-B9A72A890C1C}.Debug|Any CPU.ActiveCfg = Debug|Any CPU
		{10B3577B-D0C1-40EE-BC27-B9A72A890C1C}.Debug|Any CPU.Build.0 = Debug|Any CPU
		{10B3577B-D0C1-40EE-BC27-B9A72A890C1C}.Release|Any CPU.ActiveCfg = Release|Any CPU
		{10B3577B-D0C1-40EE-BC27-B9A72A890C1C}.Release|Any CPU.Build.0 = Release|Any CPU
	EndGlobalSection
	GlobalSection(SolutionProperties) = preSolution
		HideSolutionNode = FALSE
	EndGlobalSection
	GlobalSection(NestedProjects) = preSolution
		{33A96F6B-6A27-4831-B4F3-51F58C10F5F9} = {E8DE48E0-902F-4F19-BBDA-71609CD44788}
		{A4AD1D42-DB09-40E8-B8C6-CB000C91B094} = {E8DE48E0-902F-4F19-BBDA-71609CD44788}
		{C3073EA5-076E-48BE-8666-62A9ECCD2376} = {33A96F6B-6A27-4831-B4F3-51F58C10F5F9}
		{56EDA4FD-744F-4EAF-8456-60CD87E2060A} = {B288A354-D0E9-4C8C-A0D9-97437633F6B3}
		{B94E2DD0-E5A4-4500-89B8-5D95E2532628} = {4370C66A-B13F-4BAF-87FD-2DFB42BA2735}
		{03A6E863-4107-43F8-8692-810BB88A37CC} = {A4AD1D42-DB09-40E8-B8C6-CB000C91B094}
		{F7451730-2ABB-44D8-9BD2-0766D81CC8F9} = {E8DE48E0-902F-4F19-BBDA-71609CD44788}
		{C119F10F-5EE0-4AFC-A8B5-CBBB5F398D70} = {F7451730-2ABB-44D8-9BD2-0766D81CC8F9}
		{A72A2CCE-1327-4C73-9EA3-2897B23E96C8} = {F7451730-2ABB-44D8-9BD2-0766D81CC8F9}
		{097BFB63-3A33-4A07-B876-4A9CFA855C05} = {F7451730-2ABB-44D8-9BD2-0766D81CC8F9}
		{72201BE1-A54D-4B2D-A14A-6E2439F3BFFF} = {C119F10F-5EE0-4AFC-A8B5-CBBB5F398D70}
		{256BF2AF-F287-441E-8414-010002F064DF} = {C119F10F-5EE0-4AFC-A8B5-CBBB5F398D70}
		{C4AADC66-1624-405D-832B-BF295199AF40} = {A72A2CCE-1327-4C73-9EA3-2897B23E96C8}
		{DA89603B-A2A3-4EEE-BE56-079EEFFF63BE} = {A72A2CCE-1327-4C73-9EA3-2897B23E96C8}
		{60F43C9C-274B-4B38-9706-D4BD8434AD1F} = {A72A2CCE-1327-4C73-9EA3-2897B23E96C8}
		{10B3577B-D0C1-40EE-BC27-B9A72A890C1C} = {097BFB63-3A33-4A07-B876-4A9CFA855C05}
	EndGlobalSection
EndGlobal
